
Microsoft Visual Studio Solution File, Format Version 12.00
# Visual Studio Version 17
VisualStudioVersion = 17.9.34701.34
MinimumVisualStudioVersion = 10.0.40219.1
Project("{FAE04EC0-301F-11D3-BF4B-00C04F79EFBC}") = "Top_3_croc", "Top_3_croc\Top_3_croc.csproj", "{A24C7D62-D451-4F40-AEAE-1FE98735C61A}"
EndProject
Global
	GlobalSection(SolutionConfigurationPlatforms) = preSolution
		Debug|Any CPU = Debug|Any CPU
		Release|Any CPU = Release|Any CPU
	EndGlobalSection
	GlobalSection(ProjectConfigurationPlatforms) = postSolution
		{A24C7D62-D451-4F40-AEAE-1FE98735C61A}.Debug|Any CPU.ActiveCfg = Debug|Any CPU
		{A24C7D62-D451-4F40-AEAE-1FE98735C61A}.Debug|Any CPU.Build.0 = Debug|Any CPU
		{A24C7D62-D451-4F40-AEAE-1FE98735C61A}.Release|Any CPU.ActiveCfg = Release|Any CPU
		{A24C7D62-D451-4F40-AEAE-1FE98735C61A}.Release|Any CPU.Build.0 = Release|Any CPU
	EndGlobalSection
	GlobalSection(SolutionProperties) = preSolution
		HideSolutionNode = FALSE
	EndGlobalSection
	GlobalSection(ExtensibilityGlobals) = postSolution
		SolutionGuid = {5E58035A-626E-450C-A037-BC3157B4D349}
	EndGlobalSection
EndGlobal
